
Microsoft Visual Studio Solution File, Format Version 12.00
# Visual Studio Version 16
VisualStudioVersion = 16.0.28729.10
MinimumVisualStudioVersion = 10.0.40219.1
Project("{8BC9CEB8-8B4A-11D0-8D11-00A0C91BC942}") = "GrafkomG-SA2020-Tugas3", "GrafkomG-SA2020-Tugas3.vcxproj", "{A1DB21F7-ADEF-43D3-A68E-5C5B47C19C1E}"
EndProject
Global
	GlobalSection(SolutionConfigurationPlatforms) = preSolution
		Debug|x64 = Debug|x64
		Debug|x86 = Debug|x86
		Release|x64 = Release|x64
		Release|x86 = Release|x86
	EndGlobalSection
	GlobalSection(ProjectConfigurationPlatforms) = postSolution
		{A1DB21F7-ADEF-43D3-A68E-5C5B47C19C1E}.Debug|x64.ActiveCfg = Debug|x64
		{A1DB21F7-ADEF-43D3-A68E-5C5B47C19C1E}.Debug|x64.Build.0 = Debug|x64
		{A1DB21F7-ADEF-43D3-A68E-5C5B47C19C1E}.Debug|x86.ActiveCfg = Debug|Win32
		{A1DB21F7-ADEF-43D3-A68E-5C5B47C19C1E}.Debug|x86.Build.0 = Debug|Win32
		{A1DB21F7-ADEF-43D3-A68E-5C5B47C19C1E}.Release|x64.ActiveCfg = Release|x64
		{A1DB21F7-ADEF-43D3-A68E-5C5B47C19C1E}.Release|x64.Build.0 = Release|x64
		{A1DB21F7-ADEF-43D3-A68E-5C5B47C19C1E}.Release|x86.ActiveCfg = Release|Win32
		{A1DB21F7-ADEF-43D3-A68E-5C5B47C19C1E}.Release|x86.Build.0 = Release|Win32
	EndGlobalSection
	GlobalSection(SolutionProperties) = preSolution
		HideSolutionNode = FALSE
	EndGlobalSection
	GlobalSection(ExtensibilityGlobals) = postSolution
		SolutionGuid = {D003C113-CB62-4347-BF6A-1BEC2FEA1861}
	EndGlobalSection
EndGlobal
